
Microsoft Visual Studio Solution File, Format Version 12.00
# Visual Studio Version 16
VisualStudioVersion = 16.0.29230.47
MinimumVisualStudioVersion = 10.0.40219.1
Project("{FAE04EC0-301F-11D3-BF4B-00C04F79EFBC}") = "Motivator", "Motivator.csproj", "{1A445692-673F-4762-89D3-358310BA84A2}"
EndProject
Project("{E53339B2-1760-4266-BCC7-CA923CBCF16C}") = "docker-compose", "docker-compose.dcproj", "{9CDEC478-EA87-4613-90F7-5D868E72E9BE}"
EndProject
Global
	GlobalSection(SolutionConfigurationPlatforms) = preSolution
		Debug|Any CPU = Debug|Any CPU
		Release|Any CPU = Release|Any CPU
	EndGlobalSection
	GlobalSection(ProjectConfigurationPlatforms) = postSolution
		{1A445692-673F-4762-89D3-358310BA84A2}.Debug|Any CPU.ActiveCfg = Debug|Any CPU
		{1A445692-673F-4762-89D3-358310BA84A2}.Debug|Any CPU.Build.0 = Debug|Any CPU
		{1A445692-673F-4762-89D3-358310BA84A2}.Release|Any CPU.ActiveCfg = Release|Any CPU
		{1A445692-673F-4762-89D3-358310BA84A2}.Release|Any CPU.Build.0 = Release|Any CPU
		{9CDEC478-EA87-4613-90F7-5D868E72E9BE}.Debug|Any CPU.ActiveCfg = Debug|Any CPU
		{9CDEC478-EA87-4613-90F7-5D868E72E9BE}.Debug|Any CPU.Build.0 = Debug|Any CPU
		{9CDEC478-EA87-4613-90F7-5D868E72E9BE}.Release|Any CPU.ActiveCfg = Release|Any CPU
		{9CDEC478-EA87-4613-90F7-5D868E72E9BE}.Release|Any CPU.Build.0 = Release|Any CPU
	EndGlobalSection
	GlobalSection(SolutionProperties) = preSolution
		HideSolutionNode = FALSE
	EndGlobalSection
	GlobalSection(ExtensibilityGlobals) = postSolution
		SolutionGuid = {D6F2B2DA-95B0-45BC-9DFB-311FB42A0829}
	EndGlobalSection
EndGlobal
